hash: f901d25d5cda66b95f23971794c4e11817f6fa9ad411ac61acb069a548986b2b
updated: 2018-07-30T21:20:31.0454232+08:00
imports:
- name: github.com/gomodule/redigo
  version: 9c11da706d9b7902c6da69c592f75637793fe121
  subpackages:
  - redis
- name: github.com/mailru/easyjson
  version: d5012789d6659eeed305f54c1b1542e7b65829e6
  subpackages:
  - buffer
  - jlexer
  - jwriter
- name: github.com/pkg/errors
  version: 816c9085562cd7ee03e7f8188a1cfd942858cded
- name: golang.org/x/net
  version: 3673e40ba22529d22c3fd7c93e97b0ce50fa7bdd
  subpackages:
  - html
  - html/atom
  - html/charset
- name: golang.org/x/text
  version: f21a4dfb5e38f5895301dc265a8def02365cc3d0
  subpackages:
  - encoding
  - encoding/charmap
  - encoding/htmlindex
  - encoding/internal
  - encoding/internal/identifier
  - encoding/japanese
  - encoding/korean
  - encoding/simplifiedchinese
  - encoding/traditionalchinese
  - encoding/unicode
  - internal/tag
  - internal/utf8internal
  - language
  - runes
  - transform
- name: gopkg.in/olivere/elastic.v5
  version: 52741dc2ce53629cbe1e673869040d886cba2cd5
  subpackages:
  - config
  - uritemplates
testImports: []
